hash: 1adc9a573c04226179ff58a23298d0e2376bd6b125596cf70c412d7810a18936
updated: 2017-12-13T10:06:33.594036+08:00
imports:
- name: github.com/hanwen/go-fuse
  version: 66de2f17d31b22d3ea58fd1587619ab2eda87b79
  subpackages:
  - fuse
  - fuse/nodefs
  - fuse/pathfs
  - splice
- name: github.com/jinzhu/gorm
  version: 5174cc5c242a728b435ea2be8a2f7f998e15429b
- name: golang.org/x/sys
  version: 53aa286056ef226755cd898109dbcdaba8ac0b81
  subpackages:
  - unix
- name: gopkg.in/yaml.v2
  version: 287cf08546ab5e7e37d55a84f7ed3fd1db036de5
testImports: []
